Mirror in progress since Tue, 22 Sep 2026 13:46:48 .. please wait!
winhttrack -qiC1%Ps2u1%s%uN0%I0p3DaK0H0%kf2%f#f -F "Mozilla/5.0 (compatible; HTTrack; +https://www.httrack.com/)" -%F "<!-- Mirrored from {url} by HTTrack Website Copier/3.x [XR&CO], {date} -->" -%l "en, *" https://www.collegedekho.com/ -O1 ""C:\My Web Sites\https___www.collegedekho.com_"" +*.png +*.gif +*.jpg +*.jpeg +*.css +*.js -ad.doubleclick.net/* -mime:application/foobar 
To pause the engine: create an empty file named 'hts-stop.lock'
PID=4232
START=1790065008
